
Microsoft Visual Studio Solution File, Format Version 12.00
# Visual Studio 15
VisualStudioVersion = 15.0.28307.852
MinimumVisualStudioVersion = 10.0.40219.1
Project("{FAE04EC0-301F-11D3-BF4B-00C04F79EFBC}") = "Examen_PARCAUTO", "Examen_PARCAUTO\Examen_PARCAUTO.csproj", "{69472CC1-C5C9-4863-BBBE-3519330BCF16}"
EndProject
Global
	GlobalSection(SolutionConfigurationPlatforms) = preSolution
		Debug|Any CPU = Debug|Any CPU
		Release|Any CPU = Release|Any CPU
	EndGlobalSection
	GlobalSection(ProjectConfigurationPlatforms) = postSolution
		{69472CC1-C5C9-4863-BBBE-3519330BCF16}.Debug|Any CPU.ActiveCfg = Debug|Any CPU
		{69472CC1-C5C9-4863-BBBE-3519330BCF16}.Debug|Any CPU.Build.0 = Debug|Any CPU
		{69472CC1-C5C9-4863-BBBE-3519330BCF16}.Release|Any CPU.ActiveCfg = Release|Any CPU
		{69472CC1-C5C9-4863-BBBE-3519330BCF16}.Release|Any CPU.Build.0 = Release|Any CPU
	EndGlobalSection
	GlobalSection(SolutionProperties) = preSolution
		HideSolutionNode = FALSE
	EndGlobalSection
	GlobalSection(ExtensibilityGlobals) = postSolution
		SolutionGuid = {FB9BCA6D-B11B-41D8-8AAD-A37CB8B5F713}
	EndGlobalSection
EndGlobal
